
Microsoft Visual Studio Solution File, Format Version 12.00
# Visual Studio 15
Project("{FAE04EC0-301F-11D3-BF4B-00C04F79EFBC}") = "Assembly-CSharp", "Assembly-CSharp.csproj", "{9DEF17E0-5280-F189-5ECA-516D5FA065A8}"
EndProject
Project("{FAE04EC0-301F-11D3-BF4B-00C04F79EFBC}") = "Oculus.VR", "Oculus.VR.csproj", "{951F95D1-4BCF-2FB4-B224-60DF9116EFAE}"
EndProject
Project("{FAE04EC0-301F-11D3-BF4B-00C04F79EFBC}") = "Assembly-CSharp-Editor", "Assembly-CSharp-Editor.csproj", "{EBDF4EBE-ED75-FC6A-50D7-B61C91B7B8C3}"
EndProject
Project("{FAE04EC0-301F-11D3-BF4B-00C04F79EFBC}") = "Oculus.VR.Scripts.Editor", "Oculus.VR.Scripts.Editor.csproj", "{2754A282-1D48-B7A4-083B-B180A9CCCCCE}"
EndProject
Project("{FAE04EC0-301F-11D3-BF4B-00C04F79EFBC}") = "Oculus.VR.Editor", "Oculus.VR.Editor.csproj", "{99149352-1213-5566-195F-CC0B8140CBE7}"
EndProject
Global
	GlobalSection(SolutionConfigurationPlatforms) = preSolution
		Debug|Any CPU = Debug|Any CPU
		Release|Any CPU = Release|Any CPU
	EndGlobalSection
	GlobalSection(ProjectConfigurationPlatforms) = postSolution
		{9DEF17E0-5280-F189-5ECA-516D5FA065A8}.Debug|Any CPU.ActiveCfg = Debug|Any CPU
		{9DEF17E0-5280-F189-5ECA-516D5FA065A8}.Debug|Any CPU.Build.0 = Debug|Any CPU
		{9DEF17E0-5280-F189-5ECA-516D5FA065A8}.Release|Any CPU.ActiveCfg = Release|Any CPU
		{9DEF17E0-5280-F189-5ECA-516D5FA065A8}.Release|Any CPU.Build.0 = Release|Any CPU
		{951F95D1-4BCF-2FB4-B224-60DF9116EFAE}.Debug|Any CPU.ActiveCfg = Debug|Any CPU
		{951F95D1-4BCF-2FB4-B224-60DF9116EFAE}.Debug|Any CPU.Build.0 = Debug|Any CPU
		{951F95D1-4BCF-2FB4-B224-60DF9116EFAE}.Release|Any CPU.ActiveCfg = Release|Any CPU
		{951F95D1-4BCF-2FB4-B224-60DF9116EFAE}.Release|Any CPU.Build.0 = Release|Any CPU
		{EBDF4EBE-ED75-FC6A-50D7-B61C91B7B8C3}.Debug|Any CPU.ActiveCfg = Debug|Any CPU
		{EBDF4EBE-ED75-FC6A-50D7-B61C91B7B8C3}.Debug|Any CPU.Build.0 = Debug|Any CPU
		{EBDF4EBE-ED75-FC6A-50D7-B61C91B7B8C3}.Release|Any CPU.ActiveCfg = Release|Any CPU
		{EBDF4EBE-ED75-FC6A-50D7-B61C91B7B8C3}.Release|Any CPU.Build.0 = Release|Any CPU
		{2754A282-1D48-B7A4-083B-B180A9CCCCCE}.Debug|Any CPU.ActiveCfg = Debug|Any CPU
		{2754A282-1D48-B7A4-083B-B180A9CCCCCE}.Debug|Any CPU.Build.0 = Debug|Any CPU
		{2754A282-1D48-B7A4-083B-B180A9CCCCCE}.Release|Any CPU.ActiveCfg = Release|Any CPU
		{2754A282-1D48-B7A4-083B-B180A9CCCCCE}.Release|Any CPU.Build.0 = Release|Any CPU
		{99149352-1213-5566-195F-CC0B8140CBE7}.Debug|Any CPU.ActiveCfg = Debug|Any CPU
		{99149352-1213-5566-195F-CC0B8140CBE7}.Debug|Any CPU.Build.0 = Debug|Any CPU
		{99149352-1213-5566-195F-CC0B8140CBE7}.Release|Any CPU.ActiveCfg = Release|Any CPU
		{99149352-1213-5566-195F-CC0B8140CBE7}.Release|Any CPU.Build.0 = Release|Any CPU
	EndGlobalSection
	GlobalSection(SolutionProperties) = preSolution
		HideSolutionNode = FALSE
	EndGlobalSection
EndGlobal
